
Microsoft Visual Studio Solution File, Format Version 12.00
# Visual Studio Version 17
VisualStudioVersion = 17.13.35931.197 d17.13
MinimumVisualStudioVersion = 10.0.40219.1
Project("{FAE04EC0-301F-11D3-BF4B-00C04F79EFBC}") = "Log in", "Log in\Log in.csproj", "{B5EFF32A-F58F-4E72-8AC0-273C0ABFF360}"
EndProject
Global
	GlobalSection(SolutionConfigurationPlatforms) = preSolution
		Debug|Any CPU = Debug|Any CPU
		Release|Any CPU = Release|Any CPU
	EndGlobalSection
	GlobalSection(ProjectConfigurationPlatforms) = postSolution
		{B5EFF32A-F58F-4E72-8AC0-273C0ABFF360}.Debug|Any CPU.ActiveCfg = Debug|Any CPU
		{B5EFF32A-F58F-4E72-8AC0-273C0ABFF360}.Debug|Any CPU.Build.0 = Debug|Any CPU
		{B5EFF32A-F58F-4E72-8AC0-273C0ABFF360}.Release|Any CPU.ActiveCfg = Release|Any CPU
		{B5EFF32A-F58F-4E72-8AC0-273C0ABFF360}.Release|Any CPU.Build.0 = Release|Any CPU
	EndGlobalSection
	GlobalSection(SolutionProperties) = preSolution
		HideSolutionNode = FALSE
	EndGlobalSection
	GlobalSection(ExtensibilityGlobals) = postSolution
		SolutionGuid = {F7032479-AEE1-472F-A6A2-C09F6906E6CF}
	EndGlobalSection
EndGlobal
